// !$*UTF8*$!
{
	archiveVersion = 1;
	classes = {
	};
	objectVersion = 50;
	objects = {

/* Begin PBXBuildFile section */
		B7B5C58C2539E33D005C2154 /* list.swift in Sources */ = {isa = PBXBuildFile; fileRef = B7B5C58B2539E33D005C2154 /* list.swift */; };
		B7B9B6B52537306B004D4B73 /* bookApp.swift in Sources */ = {isa = PBXBuildFile; fileRef = B7B9B6B42537306B004D4B73 /* bookApp.swift */; };
		B7B9B6B72537306B004D4B73 /* ContentView.swift in Sources */ = {isa = PBXBuildFile; fileRef = B7B9B6B62537306B004D4B73 /* ContentView.swift */; };
		B7B9B6B925373070004D4B73 /* Assets.xcassets in Resources */ = {isa = PBXBuildFile; fileRef = B7B9B6B825373070004D4B73 /* Assets.xcassets */; };
		B7B9B6BC25373070004D4B73 /* Preview Assets.xcassets in Resources */ = {isa = PBXBuildFile; fileRef = B7B9B6BB25373070004D4B73 /* Preview Assets.xcassets */; };
		B7B9B6C725373071004D4B73 /* bookTests.swift in Sources */ = {isa = PBXBuildFile; fileRef = B7B9B6C625373071004D4B73 /* bookTests.swift */; };
		B7B9B6D225373071004D4B73 /* bookUITests.swift in Sources */ = {isa = PBXBuildFile; fileRef = B7B9B6D125373071004D4B73 /* bookUITests.swift */; };
		B7B9B6E3253730A9004D4B73 /* snake.swift in Sources */ = {isa = PBXBuildFile; fileRef = B7B9B6E2253730A9004D4B73 /* snake.swift */; };
		B7B9B6E825373279004D4B73 /* snakerow.swift in Sources */ = {isa = PBXBuildFile; fileRef = B7B9B6E725373279004D4B73 /* snakerow.swift */; };
		B7B9B6ED253743A0004D4B73 /* detail.swift in Sources */ = {isa = PBXBuildFile; fileRef = B7B9B6EC253743A0004D4B73 /* detail.swift */; };
		B7B9B702253895A6004D4B73 /* other.swift in Sources */ = {isa = PBXBuildFile; fileRef = B7B9B701253895A6004D4B73 /* other.swift */; };
/* End PBXBuildFile section */

/* Begin PBXContainerItemProxy section */
		B7B9B6C325373071004D4B73 /* PBXContainerItemProxy */ = {
			isa = PBXContainerItemProxy;
			containerPortal = B7B9B6A92537306B004D4B73 /* Project object */;
			proxyType = 1;
			remoteGlobalIDString = B7B9B6B02537306B004D4B73;
			remoteInfo = book;
		};
		B7B9B6CE25373071004D4B73 /* PBXContainerItemProxy */ = {
			isa = PBXContainerItemProxy;
			containerPortal = B7B9B6A92537306B004D4B73 /* Project object */;
			proxyType = 1;
			remoteGlobalIDString = B7B9B6B02537306B004D4B73;
			remoteInfo = book;
		};
/* End PBXContainerItemProxy section */

/* Begin PBXFileReference section */
		B7B5C58B2539E33D005C2154 /* list.swift */ = {isa = PBXFileReference; lastKnownFileType = sourcecode.swift; path = list.swift; sourceTree = "<group>"; };
		B7B9B6B12537306B004D4B73 /* book.app */ = {isa = PBXFileReference; explicitFileType = wrapper.application; includeInIndex = 0; path = book.app; sourceTree = BUILT_PRODUCTS_DIR; };
		B7B9B6B42537306B004D4B73 /* bookApp.swift */ = {isa = PBXFileReference; lastKnownFileType = sourcecode.swift; path = bookApp.swift; sourceTree = "<group>"; };
		B7B9B6B62537306B004D4B73 /* ContentView.swift */ = {isa = PBXFileReference; lastKnownFileType = sourcecode.swift; path = ContentView.swift; sourceTree = "<group>"; };
		B7B9B6B825373070004D4B73 /* Assets.xcassets */ = {isa = PBXFileReference; lastKnownFileType = folder.assetcatalog; path = Assets.xcassets; sourceTree = "<group>"; };
		B7B9B6BB25373070004D4B73 /* Preview Assets.xcassets */ = {isa = PBXFileReference; lastKnownFileType = folder.assetcatalog; path = "Preview Assets.xcassets"; sourceTree = "<group>"; };
		B7B9B6BD25373070004D4B73 /* Info.plist */ = {isa = PBXFileReference; lastKnownFileType = text.plist.xml; path = Info.plist; sourceTree = "<group>"; };
		B7B9B6C225373071004D4B73 /* bookTests.xctest */ = {isa = PBXFileReference; explicitFileType = wrapper.cfbundle; includeInIndex = 0; path = bookTests.xctest; sourceTree = BUILT_PRODUCTS_DIR; };
		B7B9B6C625373071004D4B73 /* bookTests.swift */ = {isa = PBXFileReference; lastKnownFileType = sourcecode.swift; path = bookTests.swift; sourceTree = "<group>"; };
		B7B9B6C825373071004D4B73 /* Info.plist */ = {isa = PBXFileReference; lastKnownFileType = text.plist.xml; path = Info.plist; sourceTree = "<group>"; };
		B7B9B6CD25373071004D4B73 /* bookUITests.xctest */ = {isa = PBXFileReference; explicitFileType = wrapper.cfbundle; includeInIndex = 0; path = bookUITests.xctest; sourceTree = BUILT_PRODUCTS_DIR; };
		B7B9B6D125373071004D4B73 /* bookUITests.swift */ = {isa = PBXFileReference; lastKnownFileType = sourcecode.swift; path = bookUITests.swift; sourceTree = "<group>"; };
		B7B9B6D325373071004D4B73 /* Info.plist */ = {isa = PBXFileReference; lastKnownFileType = text.plist.xml; path = Info.plist; sourceTree = "<group>"; };
		B7B9B6E2253730A9004D4B73 /* snake.swift */ = {isa = PBXFileReference; lastKnownFileType = sourcecode.swift; path = snake.swift; sourceTree = "<group>"; };
		B7B9B6E725373279004D4B73 /* snakerow.swift */ = {isa = PBXFileReference; lastKnownFileType = sourcecode.swift; path = snakerow.swift; sourceTree = "<group>"; };
		B7B9B6EC253743A0004D4B73 /* detail.swift */ = {isa = PBXFileReference; lastKnownFileType = sourcecode.swift; path = detail.swift; sourceTree = "<group>"; };
		B7B9B701253895A6004D4B73 /* other.swift */ = {isa = PBXFileReference; lastKnownFileType = sourcecode.swift; path = other.swift; sourceTree = "<group>"; };
/* End PBXFileReference section */

/* Begin PBXFrameworksBuildPhase section */
		B7B9B6AE2537306B004D4B73 /* Frameworks */ = {
			isa = PBXFrameworksBuildPhase;
			buildActionMask = 2147483647;
			files = (
			);
			runOnlyForDeploymentPostprocessing = 0;
		};
		B7B9B6BF25373071004D4B73 /* Frameworks */ = {
			isa = PBXFrameworksBuildPhase;
			buildActionMask = 2147483647;
			files = (
			);
			runOnlyForDeploymentPostprocessing = 0;
		};
		B7B9B6CA25373071004D4B73 /* Frameworks */ = {
			isa = PBXFrameworksBuildPhase;
			buildActionMask = 2147483647;
			files = (
			);
			runOnlyForDeploymentPostprocessing = 0;
		};
/* End PBXFrameworksBuildPhase section */

/* Begin PBXGroup section */
		B7B9B6A82537306B004D4B73 = {
			isa = PBXGroup;
			children = (
				B7B9B6B32537306B004D4B73 /* book */,
				B7B9B6C525373071004D4B73 /* bookTests */,
				B7B9B6D025373071004D4B73 /* bookUITests */,
				B7B9B6B22537306B004D4B73 /* Products */,
			);
			sourceTree = "<group>";
		};
		B7B9B6B22537306B004D4B73 /* Products */ = {
			isa = PBXGroup;
			children = (
				B7B9B6B12537306B004D4B73 /* book.app */,
				B7B9B6C225373071004D4B73 /* bookTests.xctest */,
				B7B9B6CD25373071004D4B73 /* bookUITests.xctest */,
			);
			name = Products;
			sourceTree = "<group>";
		};
		B7B9B6B32537306B004D4B73 /* book */ = {
			isa = PBXGroup;
			children = (
				B7B9B6B42537306B004D4B73 /* bookApp.swift */,
				B7B9B6B62537306B004D4B73 /* ContentView.swift */,
				B7B5C58B2539E33D005C2154 /* list.swift */,
				B7B9B6EC253743A0004D4B73 /* detail.swift */,
				B7B9B701253895A6004D4B73 /* other.swift */,
				B7B9B6E725373279004D4B73 /* snakerow.swift */,
				B7B9B6E2253730A9004D4B73 /* snake.swift */,
				B7B9B6B825373070004D4B73 /* Assets.xcassets */,
				B7B9B6BD25373070004D4B73 /* Info.plist */,
				B7B9B6BA25373070004D4B73 /* Preview Content */,
			);
			path = book;
			sourceTree = "<group>";
		};
		B7B9B6BA25373070004D4B73 /* Preview Content */ = {
			isa = PBXGroup;
			children = (
				B7B9B6BB25373070004D4B73 /* Preview Assets.xcassets */,
			);
			path = "Preview Content";
			sourceTree = "<group>";
		};
		B7B9B6C525373071004D4B73 /* bookTests */ = {
			isa = PBXGroup;
			children = (
				B7B9B6C625373071004D4B73 /* bookTests.swift */,
				B7B9B6C825373071004D4B73 /* Info.plist */,
			);
			path = bookTests;
			sourceTree = "<group>";
		};
		B7B9B6D025373071004D4B73 /* bookUITests */ = {
			isa = PBXGroup;
			children = (
				B7B9B6D125373071004D4B73 /* bookUITests.swift */,
				B7B9B6D325373071004D4B73 /* Info.plist */,
			);
			path = bookUITests;
			sourceTree = "<group>";
		};
/* End PBXGroup section */

/* Begin PBXNativeTarget section */
		B7B9B6B02537306B004D4B73 /* book */ = {
			isa = PBXNativeTarget;
			buildConfigurationList = B7B9B6D625373071004D4B73 /* Build configuration list for PBXNativeTarget "book" */;
			buildPhases = (
				B7B9B6AD2537306B004D4B73 /* Sources */,
				B7B9B6AE2537306B004D4B73 /* Frameworks */,
				B7B9B6AF2537306B004D4B73 /* Resources */,
			);
			buildRules = (
			);
			dependencies = (
			);
			name = book;
			productName = book;
			productReference = B7B9B6B12537306B004D4B73 /* book.app */;
			productType = "com.apple.product-type.application";
		};
		B7B9B6C125373071004D4B73 /* bookTests */ = {
			isa = PBXNativeTarget;
			buildConfigurationList = B7B9B6D925373071004D4B73 /* Build configuration list for PBXNativeTarget "bookTests" */;
			buildPhases = (
				B7B9B6BE25373071004D4B73 /* Sources */,
				B7B9B6BF25373071004D4B73 /* Frameworks */,
				B7B9B6C025373071004D4B73 /* Resources */,
			);
			buildRules = (
			);
			dependencies = (
				B7B9B6C425373071004D4B73 /* PBXTargetDependency */,
			);
			name = bookTests;
			productName = bookTests;
			productReference = B7B9B6C225373071004D4B73 /* bookTests.xctest */;
			productType = "com.apple.product-type.bundle.unit-test";
		};
		B7B9B6CC25373071004D4B73 /* bookUITests */ = {
			isa = PBXNativeTarget;
			buildConfigurationList = B7B9B6DC25373071004D4B73 /* Build configuration list for PBXNativeTarget "bookUITests" */;
			buildPhases = (
				B7B9B6C925373071004D4B73 /* Sources */,
				B7B9B6CA25373071004D4B73 /* Frameworks */,
				B7B9B6CB25373071004D4B73 /* Resources */,
			);
			buildRules = (
			);
			dependencies = (
				B7B9B6CF25373071004D4B73 /* PBXTargetDependency */,
			);
			name = bookUITests;
			productName = bookUITests;
			productReference = B7B9B6CD25373071004D4B73 /* bookUITests.xctest */;
			productType = "com.apple.product-type.bundle.ui-testing";
		};
/* End PBXNativeTarget section */

/* Begin PBXProject section */
		B7B9B6A92537306B004D4B73 /* Project object */ = {
			isa = PBXProject;
			attributes = {
				LastSwiftUpdateCheck = 1200;
				LastUpgradeCheck = 1200;
				TargetAttributes = {
					B7B9B6B02537306B004D4B73 = {
						CreatedOnToolsVersion = 12.0.1;
					};
					B7B9B6C125373071004D4B73 = {
						CreatedOnToolsVersion = 12.0.1;
						TestTargetID = B7B9B6B02537306B004D4B73;
					};
					B7B9B6CC25373071004D4B73 = {
						CreatedOnToolsVersion = 12.0.1;
						TestTargetID = B7B9B6B02537306B004D4B73;
					};
				};
			};
			buildConfigurationList = B7B9B6AC2537306B004D4B73 /* Build configuration list for PBXProject "book" */;
			compatibilityVersion = "Xcode 9.3";
			developmentRegion = en;
			hasScannedForEncodings = 0;
			knownRegions = (
				en,
				Base,
			);
			mainGroup = B7B9B6A82537306B004D4B73;
			productRefGroup = B7B9B6B22537306B004D4B73 /* Products */;
			projectDirPath = "";
			projectRoot = "";
			targets = (
				B7B9B6B02537306B004D4B73 /* book */,
				B7B9B6C125373071004D4B73 /* bookTests */,
				B7B9B6CC25373071004D4B73 /* bookUITests */,
			);
		};
/* End PBXProject section */

/* Begin PBXResourcesBuildPhase section */
		B7B9B6AF2537306B004D4B73 /* Resources */ = {
			isa = PBXResourcesBuildPhase;
			buildActionMask = 2147483647;
			files = (
				B7B9B6BC25373070004D4B73 /* Preview Assets.xcassets in Resources */,
				B7B9B6B925373070004D4B73 /* Assets.xcassets in Resources */,
			);
			runOnlyForDeploymentPostprocessing = 0;
		};
		B7B9B6C025373071004D4B73 /* Resources */ = {
			isa = PBXResourcesBuildPhase;
			buildActionMask = 2147483647;
			files = (
			);
			runOnlyForDeploymentPostprocessing = 0;
		};
		B7B9B6CB25373071004D4B73 /* Resources */ = {
			isa = PBXResourcesBuildPhase;
			buildActionMask = 2147483647;
			files = (
			);
			runOnlyForDeploymentPostprocessing = 0;
		};
/* End PBXResourcesBuildPhase section */

/* Begin PBXSourcesBuildPhase section */
		B7B9B6AD2537306B004D4B73 /* Sources */ = {
			isa = PBXSourcesBuildPhase;
			buildActionMask = 2147483647;
			files = (
				B7B5C58C2539E33D005C2154 /* list.swift in Sources */,
				B7B9B6E3253730A9004D4B73 /* snake.swift in Sources */,
				B7B9B6B72537306B004D4B73 /* ContentView.swift in Sources */,
				B7B9B6ED253743A0004D4B73 /* detail.swift in Sources */,
				B7B9B6B52537306B004D4B73 /* bookApp.swift in Sources */,
				B7B9B702253895A6004D4B73 /* other.swift in Sources */,
				B7B9B6E825373279004D4B73 /* snakerow.swift in Sources */,
			);
			runOnlyForDeploymentPostprocessing = 0;
		};
		B7B9B6BE25373071004D4B73 /* Sources */ = {
			isa = PBXSourcesBuildPhase;
			buildActionMask = 2147483647;
			files = (
				B7B9B6C725373071004D4B73 /* bookTests.swift in Sources */,
			);
			runOnlyForDeploymentPostprocessing = 0;
		};
		B7B9B6C925373071004D4B73 /* Sources */ = {
			isa = PBXSourcesBuildPhase;
			buildActionMask = 2147483647;
			files = (
				B7B9B6D225373071004D4B73 /* bookUITests.swift in Sources */,
			);
			runOnlyForDeploymentPostprocessing = 0;
		};
/* End PBXSourcesBuildPhase section */

/* Begin PBXTargetDependency section */
		B7B9B6C425373071004D4B73 /* PBXTargetDependency */ = {
			isa = PBXTargetDependency;
			target = B7B9B6B02537306B004D4B73 /* book */;
			targetProxy = B7B9B6C325373071004D4B73 /* PBXContainerItemProxy */;
		};
		B7B9B6CF25373071004D4B73 /* PBXTargetDependency */ = {
			isa = PBXTargetDependency;
			target = B7B9B6B02537306B004D4B73 /* book */;
			targetProxy = B7B9B6CE25373071004D4B73 /* PBXContainerItemProxy */;
		};
/* End PBXTargetDependency section */

/* Begin XCBuildConfiguration section */
		B7B9B6D425373071004D4B73 /* Debug */ = {
			isa = XCBuildConfiguration;
			buildSettings = {
				ALWAYS_SEARCH_USER_PATHS = NO;
				CLANG_ANALYZER_NONNULL = YES;
				CLANG_ANALYZER_NUMBER_OBJECT_CONVERSION = YES_AGGRESSIVE;
				CLANG_CXX_LANGUAGE_STANDARD = "gnu++14";
				CLANG_CXX_LIBRARY = "libc++";
				CLANG_ENABLE_MODULES = YES;
				CLANG_ENABLE_OBJC_ARC = YES;
				CLANG_ENABLE_OBJC_WEAK = YES;
				CLANG_WARN_BLOCK_CAPTURE_AUTORELEASING = YES;
				CLANG_WARN_BOOL_CONVERSION = YES;
				CLANG_WARN_COMMA = YES;
				CLANG_WARN_CONSTANT_CONVERSION = YES;
				CLANG_WARN_DEPRECATED_OBJC_IMPLEMENTATIONS = YES;
				CLANG_WARN_DIRECT_OBJC_ISA_USAGE = YES_ERROR;
				CLANG_WARN_DOCUMENTATION_COMMENTS = YES;
				CLANG_WARN_EMPTY_BODY = YES;
				CLANG_WARN_ENUM_CONVERSION = YES;
				CLANG_WARN_INFINITE_RECURSION = YES;
				CLANG_WARN_INT_CONVERSION = YES;
				CLANG_WARN_NON_LITERAL_NULL_CONVERSION = YES;
				CLANG_WARN_OBJC_IMPLICIT_RETAIN_SELF = YES;
				CLANG_WARN_OBJC_LITERAL_CONVERSION = YES;
				CLANG_WARN_OBJC_ROOT_CLASS = YES_ERROR;
				CLANG_WARN_QUOTED_INCLUDE_IN_FRAMEWORK_HEADER = YES;
				CLANG_WARN_RANGE_LOOP_ANALYSIS = YES;
				CLANG_WARN_STRICT_PROTOTYPES = YES;
				CLANG_WARN_SUSPICIOUS_MOVE = YES;
				CLANG_WARN_UNGUARDED_AVAILABILITY = YES_AGGRESSIVE;
				CLANG_WARN_UNREACHABLE_CODE = YES;
				CLANG_WARN__DUPLICATE_METHOD_MATCH = YES;
				COPY_PHASE_STRIP = NO;
				DEBUG_INFORMATION_FORMAT = dwarf;
				ENABLE_STRICT_OBJC_MSGSEND = YES;
				ENABLE_TESTABILITY = YES;
				GCC_C_LANGUAGE_STANDARD = gnu11;
				GCC_DYNAMIC_NO_PIC = NO;
				GCC_NO_COMMON_BLOCKS = YES;
				GCC_OPTIMIZATION_LEVEL = 0;
				GCC_PREPROCESSOR_DEFINITIONS = (
					"DEBUG=1",
					"$(inherited)",
				);
				GCC_WARN_64_TO_32_BIT_CONVERSION = YES;
				GCC_WARN_ABOUT_RETURN_TYPE = YES_ERROR;
				GCC_WARN_UNDECLARED_SELECTOR = YES;
				GCC_WARN_UNINITIALIZED_AUTOS = YES_AGGRESSIVE;
				GCC_WARN_UNUSED_FUNCTION = YES;
				GCC_WARN_UNUSED_VARIABLE = YES;
				IPHONEOS_DEPLOYMENT_TARGET = 14.0;
				MTL_ENABLE_DEBUG_INFO = INCLUDE_SOURCE;
				MTL_FAST_MATH = YES;
				ONLY_ACTIVE_ARCH = YES;
				SDKROOT = iphoneos;
				SWIFT_ACTIVE_COMPILATION_CONDITIONS = DEBUG;
				SWIFT_OPTIMIZATION_LEVEL = "-Onone";
			};
			name = Debug;
		};
		B7B9B6D525373071004D4B73 /* Release */ = {
			isa = XCBuildConfiguration;
			buildSettings = {
				ALWAYS_SEARCH_USER_PATHS = NO;
				CLANG_ANALYZER_NONNULL = YES;
				CLANG_ANALYZER_NUMBER_OBJECT_CONVERSION = YES_AGGRESSIVE;
				CLANG_CXX_LANGUAGE_STANDARD = "gnu++14";
				CLANG_CXX_LIBRARY = "libc++";
				CLANG_ENABLE_MODULES = YES;
				CLANG_ENABLE_OBJC_ARC = YES;
				CLANG_ENABLE_OBJC_WEAK = YES;
				CLANG_WARN_BLOCK_CAPTURE_AUTORELEASING = YES;
				CLANG_WARN_BOOL_CONVERSION = YES;
				CLANG_WARN_COMMA = YES;
				CLANG_WARN_CONSTANT_CONVERSION = YES;
				CLANG_WARN_DEPRECATED_OBJC_IMPLEMENTATIONS = YES;
				CLANG_WARN_DIRECT_OBJC_ISA_USAGE = YES_ERROR;
				CLANG_WARN_DOCUMENTATION_COMMENTS = YES;
				CLANG_WARN_EMPTY_BODY = YES;
				CLANG_WARN_ENUM_CONVERSION = YES;
				CLANG_WARN_INFINITE_RECURSION = YES;
				CLANG_WARN_INT_CONVERSION = YES;
				CLANG_WARN_NON_LITERAL_NULL_CONVERSION = YES;
				CLANG_WARN_OBJC_IMPLICIT_RETAIN_SELF = YES;
				CLANG_WARN_OBJC_LITERAL_CONVERSION = YES;
				CLANG_WARN_OBJC_ROOT_CLASS = YES_ERROR;
				CLANG_WARN_QUOTED_INCLUDE_IN_FRAMEWORK_HEADER = YES;
				CLANG_WARN_RANGE_LOOP_ANALYSIS = YES;
				CLANG_WARN_STRICT_PROTOTYPES = YES;
				CLANG_WARN_SUSPICIOUS_MOVE = YES;
				CLANG_WARN_UNGUARDED_AVAILABILITY = YES_AGGRESSIVE;
				CLANG_WARN_UNREACHABLE_CODE = YES;
				CLANG_WARN__DUPLICATE_METHOD_MATCH = YES;
				COPY_PHASE_STRIP = NO;
				DEBUG_INFORMATION_FORMAT = "dwarf-with-dsym";
				ENABLE_NS_ASSERTIONS = NO;
				ENABLE_STRICT_OBJC_MSGSEND = YES;
				GCC_C_LANGUAGE_STANDARD = gnu11;
				GCC_NO_COMMON_BLOCKS = YES;
				GCC_WARN_64_TO_32_BIT_CONVERSION = YES;
				GCC_WARN_ABOUT_RETURN_TYPE = YES_ERROR;
				GCC_WARN_UNDECLARED_SELECTOR = YES;
				GCC_WARN_UNINITIALIZED_AUTOS = YES_AGGRESSIVE;
				GCC_WARN_UNUSED_FUNCTION = YES;
				GCC_WARN_UNUSED_VARIABLE = YES;
				IPHONEOS_DEPLOYMENT_TARGET = 14.0;
				MTL_ENABLE_DEBUG_INFO = NO;
				MTL_FAST_MATH = YES;
				SDKROOT = iphoneos;
				SWIFT_COMPILATION_MODE = wholemodule;
				SWIFT_OPTIMIZATION_LEVEL = "-O";
				VALIDATE_PRODUCT = YES;
			};
			name = Release;
		};
		B7B9B6D725373071004D4B73 /* Debug */ = {
			isa = XCBuildConfiguration;
			buildSettings = {
				ASSETCATALOG_COMPILER_APPICON_NAME = AppIcon;
				ASSETCATALOG_COMPILER_GLOBAL_ACCENT_COLOR_NAME = AccentColor;
				CODE_SIGN_STYLE = Automatic;
				DEVELOPMENT_ASSET_PATHS = "\"book/Preview Content\"";
				ENABLE_PREVIEWS = YES;
				INFOPLIST_FILE = book/Info.plist;
				IPHONEOS_DEPLOYMENT_TARGET = 14.0;
				LD_RUNPATH_SEARCH_PATHS = (
					"$(inherited)",
					"@executable_path/Frameworks",
				);
				PRODUCT_BUNDLE_IDENTIFIER = eaty.book;
				PRODUCT_NAME = "$(TARGET_NAME)";
				SWIFT_VERSION = 5.0;
				TARGETED_DEVICE_FAMILY = "1,2";
			};
			name = Debug;
		};
		B7B9B6D825373071004D4B73 /* Release */ = {
			isa = XCBuildConfiguration;
			buildSettings = {
				ASSETCATALOG_COMPILER_APPICON_NAME = AppIcon;
				ASSETCATALOG_COMPILER_GLOBAL_ACCENT_COLOR_NAME = AccentColor;
				CODE_SIGN_STYLE = Automatic;
				DEVELOPMENT_ASSET_PATHS = "\"book/Preview Content\"";
				ENABLE_PREVIEWS = YES;
				INFOPLIST_FILE = book/Info.plist;
				IPHONEOS_DEPLOYMENT_TARGET = 14.0;
				LD_RUNPATH_SEARCH_PATHS = (
					"$(inherited)",
					"@executable_path/Frameworks",
				);
				PRODUCT_BUNDLE_IDENTIFIER = eaty.book;
				PRODUCT_NAME = "$(TARGET_NAME)";
				SWIFT_VERSION = 5.0;
				TARGETED_DEVICE_FAMILY = "1,2";
			};
			name = Release;
		};
		B7B9B6DA25373071004D4B73 /* Debug */ = {
			isa = XCBuildConfiguration;
			buildSettings = {
				ALWAYS_EMBED_SWIFT_STANDARD_LIBRARIES = YES;
				BUNDLE_LOADER = "$(TEST_HOST)";
				CODE_SIGN_STYLE = Automatic;
				INFOPLIST_FILE = bookTests/Info.plist;
				IPHONEOS_DEPLOYMENT_TARGET = 14.0;
				LD_RUNPATH_SEARCH_PATHS = (
					"$(inherited)",
					"@executable_path/Frameworks",
					"@loader_path/Frameworks",
				);
				PRODUCT_BUNDLE_IDENTIFIER = eaty.bookTests;
				PRODUCT_NAME = "$(TARGET_NAME)";
				SWIFT_VERSION = 5.0;
				TARGETED_DEVICE_FAMILY = "1,2";
				TEST_HOST = "$(BUILT_PRODUCTS_DIR)/book.app/book";
			};
			name = Debug;
		};
		B7B9B6DB25373071004D4B73 /* Release */ = {
			isa = XCBuildConfiguration;
			buildSettings = {
				ALWAYS_EMBED_SWIFT_STANDARD_LIBRARIES = YES;
				BUNDLE_LOADER = "$(TEST_HOST)";
				CODE_SIGN_STYLE = Automatic;
				INFOPLIST_FILE = bookTests/Info.plist;
				IPHONEOS_DEPLOYMENT_TARGET = 14.0;
				LD_RUNPATH_SEARCH_PATHS = (
					"$(inherited)",
					"@executable_path/Frameworks",
					"@loader_path/Frameworks",
				);
				PRODUCT_BUNDLE_IDENTIFIER = eaty.bookTests;
				PRODUCT_NAME = "$(TARGET_NAME)";
				SWIFT_VERSION = 5.0;
				TARGETED_DEVICE_FAMILY = "1,2";
				TEST_HOST = "$(BUILT_PRODUCTS_DIR)/book.app/book";
			};
			name = Release;
		};
		B7B9B6DD25373071004D4B73 /* Debug */ = {
			isa = XCBuildConfiguration;
			buildSettings = {
				ALWAYS_EMBED_SWIFT_STANDARD_LIBRARIES = YES;
				CODE_SIGN_STYLE = Automatic;
				INFOPLIST_FILE = bookUITests/Info.plist;
				LD_RUNPATH_SEARCH_PATHS = (
					"$(inherited)",
					"@executable_path/Frameworks",
					"@loader_path/Frameworks",
				);
				PRODUCT_BUNDLE_IDENTIFIER = eaty.bookUITests;
				PRODUCT_NAME = "$(TARGET_NAME)";
				SWIFT_VERSION = 5.0;
				TARGETED_DEVICE_FAMILY = "1,2";
				TEST_TARGET_NAME = book;
			};
			name = Debug;
		};
		B7B9B6DE25373071004D4B73 /* Release */ = {
			isa = XCBuildConfiguration;
			buildSettings = {
				ALWAYS_EMBED_SWIFT_STANDARD_LIBRARIES = YES;
				CODE_SIGN_STYLE = Automatic;
				INFOPLIST_FILE = bookUITests/Info.plist;
				LD_RUNPATH_SEARCH_PATHS = (
					"$(inherited)",
					"@executable_path/Frameworks",
					"@loader_path/Frameworks",
				);
				PRODUCT_BUNDLE_IDENTIFIER = eaty.bookUITests;
				PRODUCT_NAME = "$(TARGET_NAME)";
				SWIFT_VERSION = 5.0;
				TARGETED_DEVICE_FAMILY = "1,2";
				TEST_TARGET_NAME = book;
			};
			name = Release;
		};
/* End XCBuildConfiguration section */

/* Begin XCConfigurationList section */
		B7B9B6AC2537306B004D4B73 /* Build configuration list for PBXProject "book" */ = {
			isa = XCConfigurationList;
			buildConfigurations = (
				B7B9B6D425373071004D4B73 /* Debug */,
				B7B9B6D525373071004D4B73 /* Release */,
			);
			defaultConfigurationIsVisible = 0;
			defaultConfigurationName = Release;
		};
		B7B9B6D625373071004D4B73 /* Build configuration list for PBXNativeTarget "book" */ = {
			isa = XCConfigurationList;
			buildConfigurations = (
				B7B9B6D725373071004D4B73 /* Debug */,
				B7B9B6D825373071004D4B73 /* Release */,
			);
			defaultConfigurationIsVisible = 0;
			defaultConfigurationName = Release;
		};
		B7B9B6D925373071004D4B73 /* Build configuration list for PBXNativeTarget "bookTests" */ = {
			isa = XCConfigurationList;
			buildConfigurations = (
				B7B9B6DA25373071004D4B73 /* Debug */,
				B7B9B6DB25373071004D4B73 /* Release */,
			);
			defaultConfigurationIsVisible = 0;
			defaultConfigurationName = Release;
		};
		B7B9B6DC25373071004D4B73 /* Build configuration list for PBXNativeTarget "bookUITests" */ = {
			isa = XCConfigurationList;
			buildConfigurations = (
				B7B9B6DD25373071004D4B73 /* Debug */,
				B7B9B6DE25373071004D4B73 /* Release */,
			);
			defaultConfigurationIsVisible = 0;
			defaultConfigurationName = Release;
		};
/* End XCConfigurationList section */
	};
	rootObject = B7B9B6A92537306B004D4B73 /* Project object */;
}
