// !$*UTF8*$!
{
	archiveVersion = 1;
	classes = {
	};
	objectVersion = 50;
	objects = {

/* Begin PBXBuildFile section */
		B7E6F678254924C50015F5F8 /* EmojiApp.swift in Sources */ = {isa = PBXBuildFile; fileRef = B7E6F677254924C50015F5F8 /* EmojiApp.swift */; };
		B7E6F67A254924C50015F5F8 /* ContentView.swift in Sources */ = {isa = PBXBuildFile; fileRef = B7E6F679254924C50015F5F8 /* ContentView.swift */; };
		B7E6F67C254924C90015F5F8 /* Assets.xcassets in Resources */ = {isa = PBXBuildFile; fileRef = B7E6F67B254924C90015F5F8 /* Assets.xcassets */; };
		B7E6F67F254924C90015F5F8 /* Preview Assets.xcassets in Resources */ = {isa = PBXBuildFile; fileRef = B7E6F67E254924C90015F5F8 /* Preview Assets.xcassets */; };
		B7E6F68A254924CA0015F5F8 /* EmojiTests.swift in Sources */ = {isa = PBXBuildFile; fileRef = B7E6F689254924CA0015F5F8 /* EmojiTests.swift */; };
		B7E6F695254924CA0015F5F8 /* EmojiUITests.swift in Sources */ = {isa = PBXBuildFile; fileRef = B7E6F694254924CA0015F5F8 /* EmojiUITests.swift */; };
/* End PBXBuildFile section */

/* Begin PBXContainerItemProxy section */
		B7E6F686254924CA0015F5F8 /* PBXContainerItemProxy */ = {
			isa = PBXContainerItemProxy;
			containerPortal = B7E6F66C254924C40015F5F8 /* Project object */;
			proxyType = 1;
			remoteGlobalIDString = B7E6F673254924C50015F5F8;
			remoteInfo = Emoji;
		};
		B7E6F691254924CA0015F5F8 /* PBXContainerItemProxy */ = {
			isa = PBXContainerItemProxy;
			containerPortal = B7E6F66C254924C40015F5F8 /* Project object */;
			proxyType = 1;
			remoteGlobalIDString = B7E6F673254924C50015F5F8;
			remoteInfo = Emoji;
		};
/* End PBXContainerItemProxy section */

/* Begin PBXFileReference section */
		B7E6F674254924C50015F5F8 /* Emoji.app */ = {isa = PBXFileReference; explicitFileType = wrapper.application; includeInIndex = 0; path = Emoji.app; sourceTree = BUILT_PRODUCTS_DIR; };
		B7E6F677254924C50015F5F8 /* EmojiApp.swift */ = {isa = PBXFileReference; lastKnownFileType = sourcecode.swift; path = EmojiApp.swift; sourceTree = "<group>"; };
		B7E6F679254924C50015F5F8 /* ContentView.swift */ = {isa = PBXFileReference; lastKnownFileType = sourcecode.swift; path = ContentView.swift; sourceTree = "<group>"; };
		B7E6F67B254924C90015F5F8 /* Assets.xcassets */ = {isa = PBXFileReference; lastKnownFileType = folder.assetcatalog; path = Assets.xcassets; sourceTree = "<group>"; };
		B7E6F67E254924C90015F5F8 /* Preview Assets.xcassets */ = {isa = PBXFileReference; lastKnownFileType = folder.assetcatalog; path = "Preview Assets.xcassets"; sourceTree = "<group>"; };
		B7E6F680254924C90015F5F8 /* Info.plist */ = {isa = PBXFileReference; lastKnownFileType = text.plist.xml; path = Info.plist; sourceTree = "<group>"; };
		B7E6F685254924CA0015F5F8 /* EmojiTests.xctest */ = {isa = PBXFileReference; explicitFileType = wrapper.cfbundle; includeInIndex = 0; path = EmojiTests.xctest; sourceTree = BUILT_PRODUCTS_DIR; };
		B7E6F689254924CA0015F5F8 /* EmojiTests.swift */ = {isa = PBXFileReference; lastKnownFileType = sourcecode.swift; path = EmojiTests.swift; sourceTree = "<group>"; };
		B7E6F68B254924CA0015F5F8 /* Info.plist */ = {isa = PBXFileReference; lastKnownFileType = text.plist.xml; path = Info.plist; sourceTree = "<group>"; };
		B7E6F690254924CA0015F5F8 /* EmojiUITests.xctest */ = {isa = PBXFileReference; explicitFileType = wrapper.cfbundle; includeInIndex = 0; path = EmojiUITests.xctest; sourceTree = BUILT_PRODUCTS_DIR; };
		B7E6F694254924CA0015F5F8 /* EmojiUITests.swift */ = {isa = PBXFileReference; lastKnownFileType = sourcecode.swift; path = EmojiUITests.swift; sourceTree = "<group>"; };
		B7E6F696254924CA0015F5F8 /* Info.plist */ = {isa = PBXFileReference; lastKnownFileType = text.plist.xml; path = Info.plist; sourceTree = "<group>"; };
/* End PBXFileReference section */

/* Begin PBXFrameworksBuildPhase section */
		B7E6F671254924C50015F5F8 /* Frameworks */ = {
			isa = PBXFrameworksBuildPhase;
			buildActionMask = 2147483647;
			files = (
			);
			runOnlyForDeploymentPostprocessing = 0;
		};
		B7E6F682254924CA0015F5F8 /* Frameworks */ = {
			isa = PBXFrameworksBuildPhase;
			buildActionMask = 2147483647;
			files = (
			);
			runOnlyForDeploymentPostprocessing = 0;
		};
		B7E6F68D254924CA0015F5F8 /* Frameworks */ = {
			isa = PBXFrameworksBuildPhase;
			buildActionMask = 2147483647;
			files = (
			);
			runOnlyForDeploymentPostprocessing = 0;
		};
/* End PBXFrameworksBuildPhase section */

/* Begin PBXGroup section */
		B7E6F66B254924C40015F5F8 = {
			isa = PBXGroup;
			children = (
				B7E6F676254924C50015F5F8 /* Emoji */,
				B7E6F688254924CA0015F5F8 /* EmojiTests */,
				B7E6F693254924CA0015F5F8 /* EmojiUITests */,
				B7E6F675254924C50015F5F8 /* Products */,
			);
			sourceTree = "<group>";
		};
		B7E6F675254924C50015F5F8 /* Products */ = {
			isa = PBXGroup;
			children = (
				B7E6F674254924C50015F5F8 /* Emoji.app */,
				B7E6F685254924CA0015F5F8 /* EmojiTests.xctest */,
				B7E6F690254924CA0015F5F8 /* EmojiUITests.xctest */,
			);
			name = Products;
			sourceTree = "<group>";
		};
		B7E6F676254924C50015F5F8 /* Emoji */ = {
			isa = PBXGroup;
			children = (
				B7E6F677254924C50015F5F8 /* EmojiApp.swift */,
				B7E6F679254924C50015F5F8 /* ContentView.swift */,
				B7E6F67B254924C90015F5F8 /* Assets.xcassets */,
				B7E6F680254924C90015F5F8 /* Info.plist */,
				B7E6F67D254924C90015F5F8 /* Preview Content */,
			);
			path = Emoji;
			sourceTree = "<group>";
		};
		B7E6F67D254924C90015F5F8 /* Preview Content */ = {
			isa = PBXGroup;
			children = (
				B7E6F67E254924C90015F5F8 /* Preview Assets.xcassets */,
			);
			path = "Preview Content";
			sourceTree = "<group>";
		};
		B7E6F688254924CA0015F5F8 /* EmojiTests */ = {
			isa = PBXGroup;
			children = (
				B7E6F689254924CA0015F5F8 /* EmojiTests.swift */,
				B7E6F68B254924CA0015F5F8 /* Info.plist */,
			);
			path = EmojiTests;
			sourceTree = "<group>";
		};
		B7E6F693254924CA0015F5F8 /* EmojiUITests */ = {
			isa = PBXGroup;
			children = (
				B7E6F694254924CA0015F5F8 /* EmojiUITests.swift */,
				B7E6F696254924CA0015F5F8 /* Info.plist */,
			);
			path = EmojiUITests;
			sourceTree = "<group>";
		};
/* End PBXGroup section */

/* Begin PBXNativeTarget section */
		B7E6F673254924C50015F5F8 /* Emoji */ = {
			isa = PBXNativeTarget;
			buildConfigurationList = B7E6F699254924CA0015F5F8 /* Build configuration list for PBXNativeTarget "Emoji" */;
			buildPhases = (
				B7E6F670254924C50015F5F8 /* Sources */,
				B7E6F671254924C50015F5F8 /* Frameworks */,
				B7E6F672254924C50015F5F8 /* Resources */,
			);
			buildRules = (
			);
			dependencies = (
			);
			name = Emoji;
			productName = Emoji;
			productReference = B7E6F674254924C50015F5F8 /* Emoji.app */;
			productType = "com.apple.product-type.application";
		};
		B7E6F684254924CA0015F5F8 /* EmojiTests */ = {
			isa = PBXNativeTarget;
			buildConfigurationList = B7E6F69C254924CA0015F5F8 /* Build configuration list for PBXNativeTarget "EmojiTests" */;
			buildPhases = (
				B7E6F681254924CA0015F5F8 /* Sources */,
				B7E6F682254924CA0015F5F8 /* Frameworks */,
				B7E6F683254924CA0015F5F8 /* Resources */,
			);
			buildRules = (
			);
			dependencies = (
				B7E6F687254924CA0015F5F8 /* PBXTargetDependency */,
			);
			name = EmojiTests;
			productName = EmojiTests;
			productReference = B7E6F685254924CA0015F5F8 /* EmojiTests.xctest */;
			productType = "com.apple.product-type.bundle.unit-test";
		};
		B7E6F68F254924CA0015F5F8 /* EmojiUITests */ = {
			isa = PBXNativeTarget;
			buildConfigurationList = B7E6F69F254924CA0015F5F8 /* Build configuration list for PBXNativeTarget "EmojiUITests" */;
			buildPhases = (
				B7E6F68C254924CA0015F5F8 /* Sources */,
				B7E6F68D254924CA0015F5F8 /* Frameworks */,
				B7E6F68E254924CA0015F5F8 /* Resources */,
			);
			buildRules = (
			);
			dependencies = (
				B7E6F692254924CA0015F5F8 /* PBXTargetDependency */,
			);
			name = EmojiUITests;
			productName = EmojiUITests;
			productReference = B7E6F690254924CA0015F5F8 /* EmojiUITests.xctest */;
			productType = "com.apple.product-type.bundle.ui-testing";
		};
/* End PBXNativeTarget section */

/* Begin PBXProject section */
		B7E6F66C254924C40015F5F8 /* Project object */ = {
			isa = PBXProject;
			attributes = {
				LastSwiftUpdateCheck = 1200;
				LastUpgradeCheck = 1200;
				TargetAttributes = {
					B7E6F673254924C50015F5F8 = {
						CreatedOnToolsVersion = 12.0.1;
					};
					B7E6F684254924CA0015F5F8 = {
						CreatedOnToolsVersion = 12.0.1;
						TestTargetID = B7E6F673254924C50015F5F8;
					};
					B7E6F68F254924CA0015F5F8 = {
						CreatedOnToolsVersion = 12.0.1;
						TestTargetID = B7E6F673254924C50015F5F8;
					};
				};
			};
			buildConfigurationList = B7E6F66F254924C40015F5F8 /* Build configuration list for PBXProject "Emoji" */;
			compatibilityVersion = "Xcode 9.3";
			developmentRegion = en;
			hasScannedForEncodings = 0;
			knownRegions = (
				en,
				Base,
			);
			mainGroup = B7E6F66B254924C40015F5F8;
			productRefGroup = B7E6F675254924C50015F5F8 /* Products */;
			projectDirPath = "";
			projectRoot = "";
			targets = (
				B7E6F673254924C50015F5F8 /* Emoji */,
				B7E6F684254924CA0015F5F8 /* EmojiTests */,
				B7E6F68F254924CA0015F5F8 /* EmojiUITests */,
			);
		};
/* End PBXProject section */

/* Begin PBXResourcesBuildPhase section */
		B7E6F672254924C50015F5F8 /* Resources */ = {
			isa = PBXResourcesBuildPhase;
			buildActionMask = 2147483647;
			files = (
				B7E6F67F254924C90015F5F8 /* Preview Assets.xcassets in Resources */,
				B7E6F67C254924C90015F5F8 /* Assets.xcassets in Resources */,
			);
			runOnlyForDeploymentPostprocessing = 0;
		};
		B7E6F683254924CA0015F5F8 /* Resources */ = {
			isa = PBXResourcesBuildPhase;
			buildActionMask = 2147483647;
			files = (
			);
			runOnlyForDeploymentPostprocessing = 0;
		};
		B7E6F68E254924CA0015F5F8 /* Resources */ = {
			isa = PBXResourcesBuildPhase;
			buildActionMask = 2147483647;
			files = (
			);
			runOnlyForDeploymentPostprocessing = 0;
		};
/* End PBXResourcesBuildPhase section */

/* Begin PBXSourcesBuildPhase section */
		B7E6F670254924C50015F5F8 /* Sources */ = {
			isa = PBXSourcesBuildPhase;
			buildActionMask = 2147483647;
			files = (
				B7E6F67A254924C50015F5F8 /* ContentView.swift in Sources */,
				B7E6F678254924C50015F5F8 /* EmojiApp.swift in Sources */,
			);
			runOnlyForDeploymentPostprocessing = 0;
		};
		B7E6F681254924CA0015F5F8 /* Sources */ = {
			isa = PBXSourcesBuildPhase;
			buildActionMask = 2147483647;
			files = (
				B7E6F68A254924CA0015F5F8 /* EmojiTests.swift in Sources */,
			);
			runOnlyForDeploymentPostprocessing = 0;
		};
		B7E6F68C254924CA0015F5F8 /* Sources */ = {
			isa = PBXSourcesBuildPhase;
			buildActionMask = 2147483647;
			files = (
				B7E6F695254924CA0015F5F8 /* EmojiUITests.swift in Sources */,
			);
			runOnlyForDeploymentPostprocessing = 0;
		};
/* End PBXSourcesBuildPhase section */

/* Begin PBXTargetDependency section */
		B7E6F687254924CA0015F5F8 /* PBXTargetDependency */ = {
			isa = PBXTargetDependency;
			target = B7E6F673254924C50015F5F8 /* Emoji */;
			targetProxy = B7E6F686254924CA0015F5F8 /* PBXContainerItemProxy */;
		};
		B7E6F692254924CA0015F5F8 /* PBXTargetDependency */ = {
			isa = PBXTargetDependency;
			target = B7E6F673254924C50015F5F8 /* Emoji */;
			targetProxy = B7E6F691254924CA0015F5F8 /* PBXContainerItemProxy */;
		};
/* End PBXTargetDependency section */

/* Begin XCBuildConfiguration section */
		B7E6F697254924CA0015F5F8 /* Debug */ = {
			isa = XCBuildConfiguration;
			buildSettings = {
				ALWAYS_SEARCH_USER_PATHS = NO;
				CLANG_ANALYZER_NONNULL = YES;
				CLANG_ANALYZER_NUMBER_OBJECT_CONVERSION = YES_AGGRESSIVE;
				CLANG_CXX_LANGUAGE_STANDARD = "gnu++14";
				CLANG_CXX_LIBRARY = "libc++";
				CLANG_ENABLE_MODULES = YES;
				CLANG_ENABLE_OBJC_ARC = YES;
				CLANG_ENABLE_OBJC_WEAK = YES;
				CLANG_WARN_BLOCK_CAPTURE_AUTORELEASING = YES;
				CLANG_WARN_BOOL_CONVERSION = YES;
				CLANG_WARN_COMMA = YES;
				CLANG_WARN_CONSTANT_CONVERSION = YES;
				CLANG_WARN_DEPRECATED_OBJC_IMPLEMENTATIONS = YES;
				CLANG_WARN_DIRECT_OBJC_ISA_USAGE = YES_ERROR;
				CLANG_WARN_DOCUMENTATION_COMMENTS = YES;
				CLANG_WARN_EMPTY_BODY = YES;
				CLANG_WARN_ENUM_CONVERSION = YES;
				CLANG_WARN_INFINITE_RECURSION = YES;
				CLANG_WARN_INT_CONVERSION = YES;
				CLANG_WARN_NON_LITERAL_NULL_CONVERSION = YES;
				CLANG_WARN_OBJC_IMPLICIT_RETAIN_SELF = YES;
				CLANG_WARN_OBJC_LITERAL_CONVERSION = YES;
				CLANG_WARN_OBJC_ROOT_CLASS = YES_ERROR;
				CLANG_WARN_QUOTED_INCLUDE_IN_FRAMEWORK_HEADER = YES;
				CLANG_WARN_RANGE_LOOP_ANALYSIS = YES;
				CLANG_WARN_STRICT_PROTOTYPES = YES;
				CLANG_WARN_SUSPICIOUS_MOVE = YES;
				CLANG_WARN_UNGUARDED_AVAILABILITY = YES_AGGRESSIVE;
				CLANG_WARN_UNREACHABLE_CODE = YES;
				CLANG_WARN__DUPLICATE_METHOD_MATCH = YES;
				COPY_PHASE_STRIP = NO;
				DEBUG_INFORMATION_FORMAT = dwarf;
				ENABLE_STRICT_OBJC_MSGSEND = YES;
				ENABLE_TESTABILITY = YES;
				GCC_C_LANGUAGE_STANDARD = gnu11;
				GCC_DYNAMIC_NO_PIC = NO;
				GCC_NO_COMMON_BLOCKS = YES;
				GCC_OPTIMIZATION_LEVEL = 0;
				GCC_PREPROCESSOR_DEFINITIONS = (
					"DEBUG=1",
					"$(inherited)",
				);
				GCC_WARN_64_TO_32_BIT_CONVERSION = YES;
				GCC_WARN_ABOUT_RETURN_TYPE = YES_ERROR;
				GCC_WARN_UNDECLARED_SELECTOR = YES;
				GCC_WARN_UNINITIALIZED_AUTOS = YES_AGGRESSIVE;
				GCC_WARN_UNUSED_FUNCTION = YES;
				GCC_WARN_UNUSED_VARIABLE = YES;
				IPHONEOS_DEPLOYMENT_TARGET = 14.0;
				MTL_ENABLE_DEBUG_INFO = INCLUDE_SOURCE;
				MTL_FAST_MATH = YES;
				ONLY_ACTIVE_ARCH = YES;
				SDKROOT = iphoneos;
				SWIFT_ACTIVE_COMPILATION_CONDITIONS = DEBUG;
				SWIFT_OPTIMIZATION_LEVEL = "-Onone";
			};
			name = Debug;
		};
		B7E6F698254924CA0015F5F8 /* Release */ = {
			isa = XCBuildConfiguration;
			buildSettings = {
				ALWAYS_SEARCH_USER_PATHS = NO;
				CLANG_ANALYZER_NONNULL = YES;
				CLANG_ANALYZER_NUMBER_OBJECT_CONVERSION = YES_AGGRESSIVE;
				CLANG_CXX_LANGUAGE_STANDARD = "gnu++14";
				CLANG_CXX_LIBRARY = "libc++";
				CLANG_ENABLE_MODULES = YES;
				CLANG_ENABLE_OBJC_ARC = YES;
				CLANG_ENABLE_OBJC_WEAK = YES;
				CLANG_WARN_BLOCK_CAPTURE_AUTORELEASING = YES;
				CLANG_WARN_BOOL_CONVERSION = YES;
				CLANG_WARN_COMMA = YES;
				CLANG_WARN_CONSTANT_CONVERSION = YES;
				CLANG_WARN_DEPRECATED_OBJC_IMPLEMENTATIONS = YES;
				CLANG_WARN_DIRECT_OBJC_ISA_USAGE = YES_ERROR;
				CLANG_WARN_DOCUMENTATION_COMMENTS = YES;
				CLANG_WARN_EMPTY_BODY = YES;
				CLANG_WARN_ENUM_CONVERSION = YES;
				CLANG_WARN_INFINITE_RECURSION = YES;
				CLANG_WARN_INT_CONVERSION = YES;
				CLANG_WARN_NON_LITERAL_NULL_CONVERSION = YES;
				CLANG_WARN_OBJC_IMPLICIT_RETAIN_SELF = YES;
				CLANG_WARN_OBJC_LITERAL_CONVERSION = YES;
				CLANG_WARN_OBJC_ROOT_CLASS = YES_ERROR;
				CLANG_WARN_QUOTED_INCLUDE_IN_FRAMEWORK_HEADER = YES;
				CLANG_WARN_RANGE_LOOP_ANALYSIS = YES;
				CLANG_WARN_STRICT_PROTOTYPES = YES;
				CLANG_WARN_SUSPICIOUS_MOVE = YES;
				CLANG_WARN_UNGUARDED_AVAILABILITY = YES_AGGRESSIVE;
				CLANG_WARN_UNREACHABLE_CODE = YES;
				CLANG_WARN__DUPLICATE_METHOD_MATCH = YES;
				COPY_PHASE_STRIP = NO;
				DEBUG_INFORMATION_FORMAT = "dwarf-with-dsym";
				ENABLE_NS_ASSERTIONS = NO;
				ENABLE_STRICT_OBJC_MSGSEND = YES;
				GCC_C_LANGUAGE_STANDARD = gnu11;
				GCC_NO_COMMON_BLOCKS = YES;
				GCC_WARN_64_TO_32_BIT_CONVERSION = YES;
				GCC_WARN_ABOUT_RETURN_TYPE = YES_ERROR;
				GCC_WARN_UNDECLARED_SELECTOR = YES;
				GCC_WARN_UNINITIALIZED_AUTOS = YES_AGGRESSIVE;
				GCC_WARN_UNUSED_FUNCTION = YES;
				GCC_WARN_UNUSED_VARIABLE = YES;
				IPHONEOS_DEPLOYMENT_TARGET = 14.0;
				MTL_ENABLE_DEBUG_INFO = NO;
				MTL_FAST_MATH = YES;
				SDKROOT = iphoneos;
				SWIFT_COMPILATION_MODE = wholemodule;
				SWIFT_OPTIMIZATION_LEVEL = "-O";
				VALIDATE_PRODUCT = YES;
			};
			name = Release;
		};
		B7E6F69A254924CA0015F5F8 /* Debug */ = {
			isa = XCBuildConfiguration;
			buildSettings = {
				ASSETCATALOG_COMPILER_APPICON_NAME = AppIcon;
				ASSETCATALOG_COMPILER_GLOBAL_ACCENT_COLOR_NAME = AccentColor;
				CODE_SIGN_STYLE = Automatic;
				DEVELOPMENT_ASSET_PATHS = "\"Emoji/Preview Content\"";
				ENABLE_PREVIEWS = YES;
				INFOPLIST_FILE = Emoji/Info.plist;
				IPHONEOS_DEPLOYMENT_TARGET = 14.0;
				LD_RUNPATH_SEARCH_PATHS = (
					"$(inherited)",
					"@executable_path/Frameworks",
				);
				PRODUCT_BUNDLE_IDENTIFIER = eaty.Emoji;
				PRODUCT_NAME = "$(TARGET_NAME)";
				SWIFT_VERSION = 5.0;
				TARGETED_DEVICE_FAMILY = "1,2";
			};
			name = Debug;
		};
		B7E6F69B254924CA0015F5F8 /* Release */ = {
			isa = XCBuildConfiguration;
			buildSettings = {
				ASSETCATALOG_COMPILER_APPICON_NAME = AppIcon;
				ASSETCATALOG_COMPILER_GLOBAL_ACCENT_COLOR_NAME = AccentColor;
				CODE_SIGN_STYLE = Automatic;
				DEVELOPMENT_ASSET_PATHS = "\"Emoji/Preview Content\"";
				ENABLE_PREVIEWS = YES;
				INFOPLIST_FILE = Emoji/Info.plist;
				IPHONEOS_DEPLOYMENT_TARGET = 14.0;
				LD_RUNPATH_SEARCH_PATHS = (
					"$(inherited)",
					"@executable_path/Frameworks",
				);
				PRODUCT_BUNDLE_IDENTIFIER = eaty.Emoji;
				PRODUCT_NAME = "$(TARGET_NAME)";
				SWIFT_VERSION = 5.0;
				TARGETED_DEVICE_FAMILY = "1,2";
			};
			name = Release;
		};
		B7E6F69D254924CA0015F5F8 /* Debug */ = {
			isa = XCBuildConfiguration;
			buildSettings = {
				ALWAYS_EMBED_SWIFT_STANDARD_LIBRARIES = YES;
				BUNDLE_LOADER = "$(TEST_HOST)";
				CODE_SIGN_STYLE = Automatic;
				INFOPLIST_FILE = EmojiTests/Info.plist;
				IPHONEOS_DEPLOYMENT_TARGET = 14.0;
				LD_RUNPATH_SEARCH_PATHS = (
					"$(inherited)",
					"@executable_path/Frameworks",
					"@loader_path/Frameworks",
				);
				PRODUCT_BUNDLE_IDENTIFIER = eaty.EmojiTests;
				PRODUCT_NAME = "$(TARGET_NAME)";
				SWIFT_VERSION = 5.0;
				TARGETED_DEVICE_FAMILY = "1,2";
				TEST_HOST = "$(BUILT_PRODUCTS_DIR)/Emoji.app/Emoji";
			};
			name = Debug;
		};
		B7E6F69E254924CA0015F5F8 /* Release */ = {
			isa = XCBuildConfiguration;
			buildSettings = {
				ALWAYS_EMBED_SWIFT_STANDARD_LIBRARIES = YES;
				BUNDLE_LOADER = "$(TEST_HOST)";
				CODE_SIGN_STYLE = Automatic;
				INFOPLIST_FILE = EmojiTests/Info.plist;
				IPHONEOS_DEPLOYMENT_TARGET = 14.0;
				LD_RUNPATH_SEARCH_PATHS = (
					"$(inherited)",
					"@executable_path/Frameworks",
					"@loader_path/Frameworks",
				);
				PRODUCT_BUNDLE_IDENTIFIER = eaty.EmojiTests;
				PRODUCT_NAME = "$(TARGET_NAME)";
				SWIFT_VERSION = 5.0;
				TARGETED_DEVICE_FAMILY = "1,2";
				TEST_HOST = "$(BUILT_PRODUCTS_DIR)/Emoji.app/Emoji";
			};
			name = Release;
		};
		B7E6F6A0254924CA0015F5F8 /* Debug */ = {
			isa = XCBuildConfiguration;
			buildSettings = {
				ALWAYS_EMBED_SWIFT_STANDARD_LIBRARIES = YES;
				CODE_SIGN_STYLE = Automatic;
				INFOPLIST_FILE = EmojiUITests/Info.plist;
				LD_RUNPATH_SEARCH_PATHS = (
					"$(inherited)",
					"@executable_path/Frameworks",
					"@loader_path/Frameworks",
				);
				PRODUCT_BUNDLE_IDENTIFIER = eaty.EmojiUITests;
				PRODUCT_NAME = "$(TARGET_NAME)";
				SWIFT_VERSION = 5.0;
				TARGETED_DEVICE_FAMILY = "1,2";
				TEST_TARGET_NAME = Emoji;
			};
			name = Debug;
		};
		B7E6F6A1254924CA0015F5F8 /* Release */ = {
			isa = XCBuildConfiguration;
			buildSettings = {
				ALWAYS_EMBED_SWIFT_STANDARD_LIBRARIES = YES;
				CODE_SIGN_STYLE = Automatic;
				INFOPLIST_FILE = EmojiUITests/Info.plist;
				LD_RUNPATH_SEARCH_PATHS = (
					"$(inherited)",
					"@executable_path/Frameworks",
					"@loader_path/Frameworks",
				);
				PRODUCT_BUNDLE_IDENTIFIER = eaty.EmojiUITests;
				PRODUCT_NAME = "$(TARGET_NAME)";
				SWIFT_VERSION = 5.0;
				TARGETED_DEVICE_FAMILY = "1,2";
				TEST_TARGET_NAME = Emoji;
			};
			name = Release;
		};
/* End XCBuildConfiguration section */

/* Begin XCConfigurationList section */
		B7E6F66F254924C40015F5F8 /* Build configuration list for PBXProject "Emoji" */ = {
			isa = XCConfigurationList;
			buildConfigurations = (
				B7E6F697254924CA0015F5F8 /* Debug */,
				B7E6F698254924CA0015F5F8 /* Release */,
			);
			defaultConfigurationIsVisible = 0;
			defaultConfigurationName = Release;
		};
		B7E6F699254924CA0015F5F8 /* Build configuration list for PBXNativeTarget "Emoji" */ = {
			isa = XCConfigurationList;
			buildConfigurations = (
				B7E6F69A254924CA0015F5F8 /* Debug */,
				B7E6F69B254924CA0015F5F8 /* Release */,
			);
			defaultConfigurationIsVisible = 0;
			defaultConfigurationName = Release;
		};
		B7E6F69C254924CA0015F5F8 /* Build configuration list for PBXNativeTarget "EmojiTests" */ = {
			isa = XCConfigurationList;
			buildConfigurations = (
				B7E6F69D254924CA0015F5F8 /* Debug */,
				B7E6F69E254924CA0015F5F8 /* Release */,
			);
			defaultConfigurationIsVisible = 0;
			defaultConfigurationName = Release;
		};
		B7E6F69F254924CA0015F5F8 /* Build configuration list for PBXNativeTarget "EmojiUITests" */ = {
			isa = XCConfigurationList;
			buildConfigurations = (
				B7E6F6A0254924CA0015F5F8 /* Debug */,
				B7E6F6A1254924CA0015F5F8 /* Release */,
			);
			defaultConfigurationIsVisible = 0;
			defaultConfigurationName = Release;
		};
/* End XCConfigurationList section */
	};
	rootObject = B7E6F66C254924C40015F5F8 /* Project object */;
}
